{
  "name": "showtrak-service",
  "version": "3.0.0",
  "lockfileVersion": 3,
  "requires": true,
  "packages": {
    "": {
      "name": "showtrak-service",
      "version": "3.0.0",
      "license": "ISC",
      "dependencies": {
        "bonjour-service": "^1.3.0",
        "checksum": "^1.0.0",
        "colors": "^1.4.0",
        "macaddress": "^0.5.3",
        "node-os-utils": "^1.3.7",
        "socket.io-client": "^4.8.1",
        "usb": "^2.15.0",
        "uuid": "^11.1.0"
      },
      "bin": {
        "showtrak-service": "index.js"
      }
    },
    "node_modules/@leichtgewicht/ip-codec": {
      "version": "2.0.5",
      "resolved": "https://registry.npmjs.org/@leichtgewicht/ip-codec/-/ip-codec-2.0.5.tgz",
      "integrity": "sha512-Vo+PSpZG2/fmgmiNzYK9qWRh8h/CHrwD0mo1h1DzL4yzHNSfWYujGTYsWGreD000gcgmZ7K4Ys6Tx9TxtsKdDw==",
      "license": "MIT"
    },
    "node_modules/@socket.io/component-emitter": {
      "version": "3.1.2",
      "resolved": "https://registry.npmjs.org/@socket.io/component-emitter/-/component-emitter-3.1.2.tgz",
      "integrity": "sha512-9BCxFwvbGg/RsZK9tjXd8s4UcwR0MWeFQ1XEKIQVVvAGJyINdrqKMcTRyLoK8Rse1GjzLV9cwjWV1olXRWEXVA==",
      "license": "MIT"
    },
    "node_modules/@types/w3c-web-usb": {
      "version": "1.0.10",
      "resolved": "https://registry.npmjs.org/@types/w3c-web-usb/-/w3c-web-usb-1.0.10.tgz",
      "integrity": "sha512-CHgUI5kTc/QLMP8hODUHhge0D4vx+9UiAwIGiT0sTy/B2XpdX1U5rJt6JSISgr6ikRT7vxV9EVAFeYZqUnl1gQ==",
      "license": "MIT"
    },
    "node_modules/bonjour-service": {
      "version": "1.3.0",
      "resolved": "https://registry.npmjs.org/bonjour-service/-/bonjour-service-1.3.0.tgz",
      "integrity": "sha512-3YuAUiSkWykd+2Azjgyxei8OWf8thdn8AITIog2M4UICzoqfjlqr64WIjEXZllf/W6vK1goqleSR6brGomxQqA==",
      "license": "MIT",
      "dependencies": {
        "fast-deep-equal": "^3.1.3",
        "multicast-dns": "^7.2.5"
      }
    },
    "node_modules/checksum": {
      "version": "1.0.0",
      "resolved": "https://registry.npmjs.org/checksum/-/checksum-1.0.0.tgz",
      "integrity": "sha512-68bHejnM/sBQhjXcXd2mFusICnqAwikZ9RVMURIacWh7moNjgOdHKimS6yk30Np/PwfR00dceY4b1GwWanu5cg==",
      "license": "MIT",
      "dependencies": {
        "optimist": "~0.3.5"
      },
      "bin": {
        "checksum": "bin/checksum-cli.js"
      }
    },
    "node_modules/colors": {
      "version": "1.4.0",
      "resolved": "https://registry.npmjs.org/colors/-/colors-1.4.0.tgz",
      "integrity": "sha512-a+UqTh4kgZg/SlGvfbzDHpgRu7AAQOmmqRHJnxhRZICKFUT91brVhNNt58CMWU9PsBbv3PDCZUHbVxuDiH2mtA==",
      "license": "MIT",
      "engines": {
        "node": ">=0.1.90"
      }
    },
    "node_modules/debug": {
      "version": "4.3.7",
      "resolved": "https://registry.npmjs.org/debug/-/debug-4.3.7.tgz",
      "integrity": "sha512-Er2nc/H7RrMXZBFCEim6TCmMk02Z8vLC2Rbi1KEBggpo0fS6l0S1nnapwmIi3yW/+GOJap1Krg4w0Hg80oCqgQ==",
      "license": "MIT",
      "dependencies": {
        "ms": "^2.1.3"
      },
      "engines": {
        "node": ">=6.0"
      },
      "peerDependenciesMeta": {
        "supports-color": {
          "optional": true
        }
      }
    },
    "node_modules/dns-packet": {
      "version": "5.6.1",
      "resolved": "https://registry.npmjs.org/dns-packet/-/dns-packet-5.6.1.tgz",
      "integrity": "sha512-l4gcSouhcgIKRvyy99RNVOgxXiicE+2jZoNmaNmZ6JXiGajBOJAesk1OBlJuM5k2c+eudGdLxDqXuPCKIj6kpw==",
      "license": "MIT",
      "dependencies": {
        "@leichtgewicht/ip-codec": "^2.0.1"
      },
      "engines": {
        "node": ">=6"
      }
    },
    "node_modules/engine.io-client": {
      "version": "6.6.3",
      "resolved": "https://registry.npmjs.org/engine.io-client/-/engine.io-client-6.6.3.tgz",
      "integrity": "sha512-T0iLjnyNWahNyv/lcjS2y4oE358tVS/SYQNxYXGAJ9/GLgH4VCvOQ/mhTjqU88mLZCQgiG8RIegFHYCdVC+j5w==",
      "license": "MIT",
      "dependencies": {
        "@socket.io/component-emitter": "~3.1.0",
        "debug": "~4.3.1",
        "engine.io-parser": "~5.2.1",
        "ws": "~8.17.1",
        "xmlhttprequest-ssl": "~2.1.1"
      }
    },
    "node_modules/engine.io-parser": {
      "version": "5.2.3",
      "resolved": "https://registry.npmjs.org/engine.io-parser/-/engine.io-parser-5.2.3.tgz",
      "integrity": "sha512-HqD3yTBfnBxIrbnM1DoD6Pcq8NECnh8d4As1Qgh0z5Gg3jRRIqijury0CL3ghu/edArpUYiYqQiDUQBIs4np3Q==",
      "license": "MIT",
      "engines": {
        "node": ">=10.0.0"
      }
    },
    "node_modules/fast-deep-equal": {
      "version": "3.1.3",
      "resolved": "https://registry.npmjs.org/fast-deep-equal/-/fast-deep-equal-3.1.3.tgz",
      "integrity": "sha512-f3qQ9oQy9j2AhBe/H9VC91wLmKBCCU/gDOnKNAYG5hswO7BLKj09Hc5HYNz9cGI++xlpDCIgDaitVs03ATR84Q==",
      "license": "MIT"
    },
    "node_modules/macaddress": {
      "version": "0.5.3",
      "resolved": "https://registry.npmjs.org/macaddress/-/macaddress-0.5.3.tgz",
      "integrity": "sha512-vGBKTA+jwM4KgjGZ+S/8/Mkj9rWzePyGY6jManXPGhiWu63RYwW8dKPyk5koP+8qNVhPhHgFa1y/MJ4wrjsNrg==",
      "license": "MIT"
    },
    "node_modules/ms": {
      "version": "2.1.3",
      "resolved": "https://registry.npmjs.org/ms/-/ms-2.1.3.tgz",
      "integrity": "sha512-6FlzubTLZG3J2a/NVCAleEhjzq5oxgHyaCU9yYXvcLsvoVaHJq/s5xXI6/XXP6tz7R9xAOtHnSO/tXtF3WRTlA==",
      "license": "MIT"
    },
    "node_modules/multicast-dns": {
      "version": "7.2.5",
      "resolved": "https://registry.npmjs.org/multicast-dns/-/multicast-dns-7.2.5.tgz",
      "integrity": "sha512-2eznPJP8z2BFLX50tf0LuODrpINqP1RVIm/CObbTcBRITQgmC/TjcREF1NeTBzIcR5XO/ukWo+YHOjBbFwIupg==",
      "license": "MIT",
      "dependencies": {
        "dns-packet": "^5.2.2",
        "thunky": "^1.0.2"
      },
      "bin": {
        "multicast-dns": "cli.js"
      }
    },
    "node_modules/node-addon-api": {
      "version": "8.4.0",
      "resolved": "https://registry.npmjs.org/node-addon-api/-/node-addon-api-8.4.0.tgz",
      "integrity": "sha512-D9DI/gXHvVmjHS08SVch0Em8G5S1P+QWtU31appcKT/8wFSPRcdHadIFSAntdMMVM5zz+/DL+bL/gz3UDppqtg==",
      "license": "MIT",
      "engines": {
        "node": "^18 || ^20 || >= 21"
      }
    },
    "node_modules/node-gyp-build": {
      "version": "4.8.4",
      "resolved": "https://registry.npmjs.org/node-gyp-build/-/node-gyp-build-4.8.4.tgz",
      "integrity": "sha512-LA4ZjwlnUblHVgq0oBF3Jl/6h/Nvs5fzBLwdEF4nuxnFdsfajde4WfxtJr3CaiH+F6ewcIB/q4jQ4UzPyid+CQ==",
      "license": "MIT",
      "bin": {
        "node-gyp-build": "bin.js",
        "node-gyp-build-optional": "optional.js",
        "node-gyp-build-test": "build-test.js"
      }
    },
    "node_modules/node-os-utils": {
      "version": "1.3.7",
      "resolved": "https://registry.npmjs.org/node-os-utils/-/node-os-utils-1.3.7.tgz",
      "integrity": "sha512-fvnX9tZbR7WfCG5BAy3yO/nCLyjVWD6MghEq0z5FDfN+ZXpLWNITBdbifxQkQ25ebr16G0N7eRWJisOcMEHG3Q==",
      "license": "MIT"
    },
    "node_modules/optimist": {
      "version": "0.3.7",
      "resolved": "https://registry.npmjs.org/optimist/-/optimist-0.3.7.tgz",
      "integrity": "sha512-TCx0dXQzVtSCg2OgY/bO9hjM9cV4XYx09TVK+s3+FhkjT6LovsLe+pPMzpWf+6yXK/hUizs2gUoTw3jHM0VaTQ==",
      "license": "MIT/X11",
      "dependencies": {
        "wordwrap": "~0.0.2"
      }
    },
    "node_modules/socket.io-client": {
      "version": "4.8.1",
      "resolved": "https://registry.npmjs.org/socket.io-client/-/socket.io-client-4.8.1.tgz",
      "integrity": "sha512-hJVXfu3E28NmzGk8o1sHhN3om52tRvwYeidbj7xKy2eIIse5IoKX3USlS6Tqt3BHAtflLIkCQBkzVrEEfWUyYQ==",
      "license": "MIT",
      "dependencies": {
        "@socket.io/component-emitter": "~3.1.0",
        "debug": "~4.3.2",
        "engine.io-client": "~6.6.1",
        "socket.io-parser": "~4.2.4"
      },
      "engines": {
        "node": ">=10.0.0"
      }
    },
    "node_modules/socket.io-parser": {
      "version": "4.2.4",
      "resolved": "https://registry.npmjs.org/socket.io-parser/-/socket.io-parser-4.2.4.tgz",
      "integrity": "sha512-/GbIKmo8ioc+NIWIhwdecY0ge+qVBSMdgxGygevmdHj24bsfgtCmcUUcQ5ZzcylGFHsN3k4HB4Cgkl96KVnuew==",
      "license": "MIT",
      "dependencies": {
        "@socket.io/component-emitter": "~3.1.0",
        "debug": "~4.3.1"
      },
      "engines": {
        "node": ">=10.0.0"
      }
    },
    "node_modules/thunky": {
      "version": "1.1.0",
      "resolved": "https://registry.npmjs.org/thunky/-/thunky-1.1.0.tgz",
      "integrity": "sha512-eHY7nBftgThBqOyHGVN+l8gF0BucP09fMo0oO/Lb0w1OF80dJv+lDVpXG60WMQvkcxAkNybKsrEIE3ZtKGmPrA==",
      "license": "MIT"
    },
    "node_modules/usb": {
      "version": "2.15.0",
      "resolved": "https://registry.npmjs.org/usb/-/usb-2.15.0.tgz",
      "integrity": "sha512-BA9r7PFxyYp99wps1N70lIqdPb2Utcl2KkWohDtWUmhDBeM5hDH1Zl/L/CZvWxd5W3RUCNm1g+b+DEKZ6cHzqg==",
      "hasInstallScript": true,
      "license": "MIT",
      "dependencies": {
        "@types/w3c-web-usb": "^1.0.6",
        "node-addon-api": "^8.0.0",
        "node-gyp-build": "^4.5.0"
      },
      "engines": {
        "node": ">=12.22.0 <13.0 || >=14.17.0"
      }
    },
    "node_modules/uuid": {
      "version": "11.1.0",
      "resolved": "https://registry.npmjs.org/uuid/-/uuid-11.1.0.tgz",
      "integrity": "sha512-0/A9rDy9P7cJ+8w1c9WD9V//9Wj15Ce2MPz8Ri6032usz+NfePxx5AcN3bN+r6ZL6jEo066/yNYB3tn4pQEx+A==",
      "funding": [
        "https://github.com/sponsors/broofa",
        "https://github.com/sponsors/ctavan"
      ],
      "license": "MIT",
      "bin": {
        "uuid": "dist/esm/bin/uuid"
      }
    },
    "node_modules/wordwrap": {
      "version": "0.0.3",
      "resolved": "https://registry.npmjs.org/wordwrap/-/wordwrap-0.0.3.tgz",
      "integrity": "sha512-1tMA907+V4QmxV7dbRvb4/8MaRALK6q9Abid3ndMYnbyo8piisCmeONVqVSXqQA3KaP4SLt5b7ud6E2sqP8TFw==",
      "license": "MIT",
      "engines": {
        "node": ">=0.4.0"
      }
    },
    "node_modules/ws": {
      "version": "8.17.1",
      "resolved": "https://registry.npmjs.org/ws/-/ws-8.17.1.tgz",
      "integrity": "sha512-6XQFvXTkbfUOZOKKILFG1PDK2NDQs4azKQl26T0YS5CxqWLgXajbPZ+h4gZekJyRqFU8pvnbAbbs/3TgRPy+GQ==",
      "license": "MIT",
      "engines": {
        "node": ">=10.0.0"
      },
      "peerDependencies": {
        "bufferutil": "^4.0.1",
        "utf-8-validate": ">=5.0.2"
      },
      "peerDependenciesMeta": {
        "bufferutil": {
          "optional": true
        },
        "utf-8-validate": {
          "optional": true
        }
      }
    },
    "node_modules/xmlhttprequest-ssl": {
      "version": "2.1.2",
      "resolved": "https://registry.npmjs.org/xmlhttprequest-ssl/-/xmlhttprequest-ssl-2.1.2.tgz",
      "integrity": "sha512-TEU+nJVUUnA4CYJFLvK5X9AOeH4KvDvhIfm0vV1GaQRtchnG0hgK5p8hw/xjv8cunWYCsiPCSDzObPyhEwq3KQ==",
      "engines": {
        "node": ">=0.4.0"
      }
    }
  }
}
